
Microsoft Visual Studio Solution File, Format Version 12.00
# Visual Studio Version 17
VisualStudioVersion = 17.6.33723.286
MinimumVisualStudioVersion = 10.0.40219.1
Project("{9A19103F-16F7-4668-BE54-9A1E7A4F7556}") = "Iso2God", "Iso2God.csproj", "{949566B1-E82E-4E65-BF2E-C9A508AE0C14}"
EndProject
Global
	GlobalSection(SolutionConfigurationPlatforms) = preSolution
		Debug|Any CPU = Debug|Any CPU
		Release|Any CPU = Release|Any CPU
	EndGlobalSection
	GlobalSection(ProjectConfigurationPlatforms) = postSolution
		{949566B1-E82E-4E65-BF2E-C9A508AE0C14}.Debug|Any CPU.ActiveCfg = Debug|Any CPU
		{949566B1-E82E-4E65-BF2E-C9A508AE0C14}.Debug|Any CPU.Build.0 = Debug|Any CPU
		{949566B1-E82E-4E65-BF2E-C9A508AE0C14}.Release|Any CPU.ActiveCfg = Release|Any CPU
		{949566B1-E82E-4E65-BF2E-C9A508AE0C14}.Release|Any CPU.Build.0 = Release|Any CPU
	EndGlobalSection
	GlobalSection(SolutionProperties) = preSolution
		HideSolutionNode = FALSE
	EndGlobalSection
	GlobalSection(ExtensibilityGlobals) = postSolution
		SolutionGuid = {57843D93-3B8A-400E-BE37-66838C84EAAF}
	EndGlobalSection
EndGlobal
